
Microsoft Visual Studio Solution File, Format Version 12.00
# Visual Studio Version 17
VisualStudioVersion = 17.9.34723.18
MinimumVisualStudioVersion = 10.0.40219.1
Project("{9A19103F-16F7-4668-BE54-9A1E7A4F7556}") = "ASM_CS4", "ASM_CS4\ASM_CS4.csproj", "{9C3B8341-4633-47B5-B435-4E3844FF49A1}"
EndProject
Project("{9A19103F-16F7-4668-BE54-9A1E7A4F7556}") = "WebFoodAPIs", "WebFoodAPIs\WebFoodAPIs.csproj", "{42B10C56-D782-4769-82F2-A61B69505F71}"
EndProject
Project("{9A19103F-16F7-4668-BE54-9A1E7A4F7556}") = "ASM_CS4.Shared", "ASM_CS4.Shared\ASM_CS4.Shared.csproj", "{322EE213-440F-4B5C-BB1E-5722F12252F8}"
EndProject
Project("{2150E333-8FDC-42A3-9474-1A3956D46DE8}") = "Solution Items", "Solution Items", "{D225B4E9-AF13-4936-81A2-0AE757228DCD}"
	ProjectSection(SolutionItems) = preProject
		.gitignore = .gitignore
	EndProjectSection
EndProject
Global
	GlobalSection(SolutionConfigurationPlatforms) = preSolution
		Debug|Any CPU = Debug|Any CPU
		Release|Any CPU = Release|Any CPU
	EndGlobalSection
	GlobalSection(ProjectConfigurationPlatforms) = postSolution
		{9C3B8341-4633-47B5-B435-4E3844FF49A1}.Debug|Any CPU.ActiveCfg = Debug|Any CPU
		{9C3B8341-4633-47B5-B435-4E3844FF49A1}.Debug|Any CPU.Build.0 = Debug|Any CPU
		{9C3B8341-4633-47B5-B435-4E3844FF49A1}.Release|Any CPU.ActiveCfg = Release|Any CPU
		{9C3B8341-4633-47B5-B435-4E3844FF49A1}.Release|Any CPU.Build.0 = Release|Any CPU
		{42B10C56-D782-4769-82F2-A61B69505F71}.Debug|Any CPU.ActiveCfg = Debug|Any CPU
		{42B10C56-D782-4769-82F2-A61B69505F71}.Debug|Any CPU.Build.0 = Debug|Any CPU
		{42B10C56-D782-4769-82F2-A61B69505F71}.Release|Any CPU.ActiveCfg = Release|Any CPU
		{42B10C56-D782-4769-82F2-A61B69505F71}.Release|Any CPU.Build.0 = Release|Any CPU
		{322EE213-440F-4B5C-BB1E-5722F12252F8}.Debug|Any CPU.ActiveCfg = Debug|Any CPU
		{322EE213-440F-4B5C-BB1E-5722F12252F8}.Debug|Any CPU.Build.0 = Debug|Any CPU
		{322EE213-440F-4B5C-BB1E-5722F12252F8}.Release|Any CPU.ActiveCfg = Release|Any CPU
		{322EE213-440F-4B5C-BB1E-5722F12252F8}.Release|Any CPU.Build.0 = Release|Any CPU
	EndGlobalSection
	GlobalSection(SolutionProperties) = preSolution
		HideSolutionNode = FALSE
	EndGlobalSection
	GlobalSection(ExtensibilityGlobals) = postSolution
		SolutionGuid = {FA4F672D-59F0-4E18-9968-151BEF7C88AA}
	EndGlobalSection
EndGlobal
